// !$*UTF8*$!
{
	archiveVersion = 1;
	classes = {
	};
	objectVersion = 48;
	objects = {

/* Begin PBXBuildFile section */
		7F5F373E200409CB009A39CA /* AppDelegate.swift in Sources */ = {isa = PBXBuildFile; fileRef = 7F5F373D200409CB009A39CA /* AppDelegate.swift */; };
		7F5F3740200409CB009A39CA /* ViewController.swift in Sources */ = {isa = PBXBuildFile; fileRef = 7F5F373F200409CB009A39CA /* ViewController.swift */; };
		7F5F3743200409CB009A39CA /* Main.storyboard in Resources */ = {isa = PBXBuildFile; fileRef = 7F5F3741200409CB009A39CA /* Main.storyboard */; };
		7F5F3745200409CB009A39CA /* Assets.xcassets in Resources */ = {isa = PBXBuildFile; fileRef = 7F5F3744200409CB009A39CA /* Assets.xcassets */; };
		7F5F3748200409CC009A39CA /* LaunchScreen.storyboard in Resources */ = {isa = PBXBuildFile; fileRef = 7F5F3746200409CC009A39CA /* LaunchScreen.storyboard */; };
		7F5F3753200409CC009A39CA /* HackwichOneTests.swift in Sources */ = {isa = PBXBuildFile; fileRef = 7F5F3752200409CC009A39CA /* HackwichOneTests.swift */; };
		7F5F375E200409CC009A39CA /* HackwichOneUITests.swift in Sources */ = {isa = PBXBuildFile; fileRef = 7F5F375D200409CC009A39CA /* HackwichOneUITests.swift */; };
/* End PBXBuildFile section */

/* Begin PBXContainerItemProxy section */
		7F5F374F200409CC009A39CA /* PBXContainerItemProxy */ = {
			isa = PBXContainerItemProxy;
			containerPortal = 7F5F3732200409CB009A39CA /* Project object */;
			proxyType = 1;
			remoteGlobalIDString = 7F5F3739200409CB009A39CA;
			remoteInfo = HackwichOne;
		};
		7F5F375A200409CC009A39CA /* PBXContainerItemProxy */ = {
			isa = PBXContainerItemProxy;
			containerPortal = 7F5F3732200409CB009A39CA /* Project object */;
			proxyType = 1;
			remoteGlobalIDString = 7F5F3739200409CB009A39CA;
			remoteInfo = HackwichOne;
		};
/* End PBXContainerItemProxy section */

/* Begin PBXFileReference section */
		7F5F373A200409CB009A39CA /* HackwichOne.app */ = {isa = PBXFileReference; explicitFileType = wrapper.application; includeInIndex = 0; path = HackwichOne.app; sourceTree = BUILT_PRODUCTS_DIR; };
		7F5F373D200409CB009A39CA /* AppDelegate.swift */ = {isa = PBXFileReference; lastKnownFileType = sourcecode.swift; path = AppDelegate.swift; sourceTree = "<group>"; };
		7F5F373F200409CB009A39CA /* ViewController.swift */ = {isa = PBXFileReference; lastKnownFileType = sourcecode.swift; path = ViewController.swift; sourceTree = "<group>"; };
		7F5F3742200409CB009A39CA /* Base */ = {isa = PBXFileReference; lastKnownFileType = file.storyboard; name = Base; path = Base.lproj/Main.storyboard; sourceTree = "<group>"; };
		7F5F3744200409CB009A39CA /* Assets.xcassets */ = {isa = PBXFileReference; lastKnownFileType = folder.assetcatalog; path = Assets.xcassets; sourceTree = "<group>"; };
		7F5F3747200409CC009A39CA /* Base */ = {isa = PBXFileReference; lastKnownFileType = file.storyboard; name = Base; path = Base.lproj/LaunchScreen.storyboard; sourceTree = "<group>"; };
		7F5F3749200409CC009A39CA /* Info.plist */ = {isa = PBXFileReference; lastKnownFileType = text.plist.xml; path = Info.plist; sourceTree = "<group>"; };
		7F5F374E200409CC009A39CA /* HackwichOneTests.xctest */ = {isa = PBXFileReference; explicitFileType = wrapper.cfbundle; includeInIndex = 0; path = HackwichOneTests.xctest; sourceTree = BUILT_PRODUCTS_DIR; };
		7F5F3752200409CC009A39CA /* HackwichOneTests.swift */ = {isa = PBXFileReference; lastKnownFileType = sourcecode.swift; path = HackwichOneTests.swift; sourceTree = "<group>"; };
		7F5F3754200409CC009A39CA /* Info.plist */ = {isa = PBXFileReference; lastKnownFileType = text.plist.xml; path = Info.plist; sourceTree = "<group>"; };
		7F5F3759200409CC009A39CA /* HackwichOneUITests.xctest */ = {isa = PBXFileReference; explicitFileType = wrapper.cfbundle; includeInIndex = 0; path = HackwichOneUITests.xctest; sourceTree = BUILT_PRODUCTS_DIR; };
		7F5F375D200409CC009A39CA /* HackwichOneUITests.swift */ = {isa = PBXFileReference; lastKnownFileType = sourcecode.swift; path = HackwichOneUITests.swift; sourceTree = "<group>"; };
		7F5F375F200409CC009A39CA /* Info.plist */ = {isa = PBXFileReference; lastKnownFileType = text.plist.xml; path = Info.plist; sourceTree = "<group>"; };
/* End PBXFileReference section */

/* Begin PBXFrameworksBuildPhase section */
		7F5F3737200409CB009A39CA /* Frameworks */ = {
			isa = PBXFrameworksBuildPhase;
			buildActionMask = 2147483647;
			files = (
			);
			runOnlyForDeploymentPostprocessing = 0;
		};
		7F5F374B200409CC009A39CA /* Frameworks */ = {
			isa = PBXFrameworksBuildPhase;
			buildActionMask = 2147483647;
			files = (
			);
			runOnlyForDeploymentPostprocessing = 0;
		};
		7F5F3756200409CC009A39CA /* Frameworks */ = {
			isa = PBXFrameworksBuildPhase;
			buildActionMask = 2147483647;
			files = (
			);
			runOnlyForDeploymentPostprocessing = 0;
		};
/* End PBXFrameworksBuildPhase section */

/* Begin PBXGroup section */
		7F5F3731200409CB009A39CA = {
			isa = PBXGroup;
			children = (
				7F5F373C200409CB009A39CA /* HackwichOne */,
				7F5F3751200409CC009A39CA /* HackwichOneTests */,
				7F5F375C200409CC009A39CA /* HackwichOneUITests */,
				7F5F373B200409CB009A39CA /* Products */,
			);
			sourceTree = "<group>";
		};
		7F5F373B200409CB009A39CA /* Products */ = {
			isa = PBXGroup;
			children = (
				7F5F373A200409CB009A39CA /* HackwichOne.app */,
				7F5F374E200409CC009A39CA /* HackwichOneTests.xctest */,
				7F5F3759200409CC009A39CA /* HackwichOneUITests.xctest */,
			);
			name = Products;
			sourceTree = "<group>";
		};
		7F5F373C200409CB009A39CA /* HackwichOne */ = {
			isa = PBXGroup;
			children = (
				7F5F373D200409CB009A39CA /* AppDelegate.swift */,
				7F5F373F200409CB009A39CA /* ViewController.swift */,
				7F5F3741200409CB009A39CA /* Main.storyboard */,
				7F5F3744200409CB009A39CA /* Assets.xcassets */,
				7F5F3746200409CC009A39CA /* LaunchScreen.storyboard */,
				7F5F3749200409CC009A39CA /* Info.plist */,
			);
			path = HackwichOne;
			sourceTree = "<group>";
		};
		7F5F3751200409CC009A39CA /* HackwichOneTests */ = {
			isa = PBXGroup;
			children = (
				7F5F3752200409CC009A39CA /* HackwichOneTests.swift */,
				7F5F3754200409CC009A39CA /* Info.plist */,
			);
			path = HackwichOneTests;
			sourceTree = "<group>";
		};
		7F5F375C200409CC009A39CA /* HackwichOneUITests */ = {
			isa = PBXGroup;
			children = (
				7F5F375D200409CC009A39CA /* HackwichOneUITests.swift */,
				7F5F375F200409CC009A39CA /* Info.plist */,
			);
			path = HackwichOneUITests;
			sourceTree = "<group>";
		};
/* End PBXGroup section */

/* Begin PBXNativeTarget section */
		7F5F3739200409CB009A39CA /* HackwichOne */ = {
			isa = PBXNativeTarget;
			buildConfigurationList = 7F5F3762200409CC009A39CA /* Build configuration list for PBXNativeTarget "HackwichOne" */;
			buildPhases = (
				7F5F3736200409CB009A39CA /* Sources */,
				7F5F3737200409CB009A39CA /* Frameworks */,
				7F5F3738200409CB009A39CA /* Resources */,
			);
			buildRules = (
			);
			dependencies = (
			);
			name = HackwichOne;
			productName = HackwichOne;
			productReference = 7F5F373A200409CB009A39CA /* HackwichOne.app */;
			productType = "com.apple.product-type.application";
		};
		7F5F374D200409CC009A39CA /* HackwichOneTests */ = {
			isa = PBXNativeTarget;
			buildConfigurationList = 7F5F3765200409CC009A39CA /* Build configuration list for PBXNativeTarget "HackwichOneTests" */;
			buildPhases = (
				7F5F374A200409CC009A39CA /* Sources */,
				7F5F374B200409CC009A39CA /* Frameworks */,
				7F5F374C200409CC009A39CA /* Resources */,
			);
			buildRules = (
			);
			dependencies = (
				7F5F3750200409CC009A39CA /* PBXTargetDependency */,
			);
			name = HackwichOneTests;
			productName = HackwichOneTests;
			productReference = 7F5F374E200409CC009A39CA /* HackwichOneTests.xctest */;
			productType = "com.apple.product-type.bundle.unit-test";
		};
		7F5F3758200409CC009A39CA /* HackwichOneUITests */ = {
			isa = PBXNativeTarget;
			buildConfigurationList = 7F5F3768200409CC009A39CA /* Build configuration list for PBXNativeTarget "HackwichOneUITests" */;
			buildPhases = (
				7F5F3755200409CC009A39CA /* Sources */,
				7F5F3756200409CC009A39CA /* Frameworks */,
				7F5F3757200409CC009A39CA /* Resources */,
			);
			buildRules = (
			);
			dependencies = (
				7F5F375B200409CC009A39CA /* PBXTargetDependency */,
			);
			name = HackwichOneUITests;
			productName = HackwichOneUITests;
			productReference = 7F5F3759200409CC009A39CA /* HackwichOneUITests.xctest */;
			productType = "com.apple.product-type.bundle.ui-testing";
		};
/* End PBXNativeTarget section */

/* Begin PBXProject section */
		7F5F3732200409CB009A39CA /* Project object */ = {
			isa = PBXProject;
			attributes = {
				LastSwiftUpdateCheck = 0920;
				LastUpgradeCheck = 0920;
				ORGANIZATIONNAME = "CM Student";
				TargetAttributes = {
					7F5F3739200409CB009A39CA = {
						CreatedOnToolsVersion = 9.2;
						ProvisioningStyle = Automatic;
					};
					7F5F374D200409CC009A39CA = {
						CreatedOnToolsVersion = 9.2;
						ProvisioningStyle = Automatic;
						TestTargetID = 7F5F3739200409CB009A39CA;
					};
					7F5F3758200409CC009A39CA = {
						CreatedOnToolsVersion = 9.2;
						ProvisioningStyle = Automatic;
						TestTargetID = 7F5F3739200409CB009A39CA;
					};
				};
			};
			buildConfigurationList = 7F5F3735200409CB009A39CA /* Build configuration list for PBXProject "HackwichOne" */;
			compatibilityVersion = "Xcode 8.0";
			developmentRegion = en;
			hasScannedForEncodings = 0;
			knownRegions = (
				en,
				Base,
			);
			mainGroup = 7F5F3731200409CB009A39CA;
			productRefGroup = 7F5F373B200409CB009A39CA /* Products */;
			projectDirPath = "";
			projectRoot = "";
			targets = (
				7F5F3739200409CB009A39CA /* HackwichOne */,
				7F5F374D200409CC009A39CA /* HackwichOneTests */,
				7F5F3758200409CC009A39CA /* HackwichOneUITests */,
			);
		};
/* End PBXProject section */

/* Begin PBXResourcesBuildPhase section */
		7F5F3738200409CB009A39CA /* Resources */ = {
			isa = PBXResourcesBuildPhase;
			buildActionMask = 2147483647;
			files = (
				7F5F3748200409CC009A39CA /* LaunchScreen.storyboard in Resources */,
				7F5F3745200409CB009A39CA /* Assets.xcassets in Resources */,
				7F5F3743200409CB009A39CA /* Main.storyboard in Resources */,
			);
			runOnlyForDeploymentPostprocessing = 0;
		};
		7F5F374C200409CC009A39CA /* Resources */ = {
			isa = PBXResourcesBuildPhase;
			buildActionMask = 2147483647;
			files = (
			);
			runOnlyForDeploymentPostprocessing = 0;
		};
		7F5F3757200409CC009A39CA /* Resources */ = {
			isa = PBXResourcesBuildPhase;
			buildActionMask = 2147483647;
			files = (
			);
			runOnlyForDeploymentPostprocessing = 0;
		};
/* End PBXResourcesBuildPhase section */

/* Begin PBXSourcesBuildPhase section */
		7F5F3736200409CB009A39CA /* Sources */ = {
			isa = PBXSourcesBuildPhase;
			buildActionMask = 2147483647;
			files = (
				7F5F3740200409CB009A39CA /* ViewController.swift in Sources */,
				7F5F373E200409CB009A39CA /* AppDelegate.swift in Sources */,
			);
			runOnlyForDeploymentPostprocessing = 0;
		};
		7F5F374A200409CC009A39CA /* Sources */ = {
			isa = PBXSourcesBuildPhase;
			buildActionMask = 2147483647;
			files = (
				7F5F3753200409CC009A39CA /* HackwichOneTests.swift in Sources */,
			);
			runOnlyForDeploymentPostprocessing = 0;
		};
		7F5F3755200409CC009A39CA /* Sources */ = {
			isa = PBXSourcesBuildPhase;
			buildActionMask = 2147483647;
			files = (
				7F5F375E200409CC009A39CA /* HackwichOneUITests.swift in Sources */,
			);
			runOnlyForDeploymentPostprocessing = 0;
		};
/* End PBXSourcesBuildPhase section */

/* Begin PBXTargetDependency section */
		7F5F3750200409CC009A39CA /* PBXTargetDependency */ = {
			isa = PBXTargetDependency;
			target = 7F5F3739200409CB009A39CA /* HackwichOne */;
			targetProxy = 7F5F374F200409CC009A39CA /* PBXContainerItemProxy */;
		};
		7F5F375B200409CC009A39CA /* PBXTargetDependency */ = {
			isa = PBXTargetDependency;
			target = 7F5F3739200409CB009A39CA /* HackwichOne */;
			targetProxy = 7F5F375A200409CC009A39CA /* PBXContainerItemProxy */;
		};
/* End PBXTargetDependency section */

/* Begin PBXVariantGroup section */
		7F5F3741200409CB009A39CA /* Main.storyboard */ = {
			isa = PBXVariantGroup;
			children = (
				7F5F3742200409CB009A39CA /* Base */,
			);
			name = Main.storyboard;
			sourceTree = "<group>";
		};
		7F5F3746200409CC009A39CA /* LaunchScreen.storyboard */ = {
			isa = PBXVariantGroup;
			children = (
				7F5F3747200409CC009A39CA /* Base */,
			);
			name = LaunchScreen.storyboard;
			sourceTree = "<group>";
		};
/* End PBXVariantGroup section */

/* Begin XCBuildConfiguration section */
		7F5F3760200409CC009A39CA /* Debug */ = {
			isa = XCBuildConfiguration;
			buildSettings = {
				ALWAYS_SEARCH_USER_PATHS = NO;
				CLANG_ANALYZER_NONNULL = YES;
				CLANG_ANALYZER_NUMBER_OBJECT_CONVERSION = YES_AGGRESSIVE;
				CLANG_CXX_LANGUAGE_STANDARD = "gnu++14";
				CLANG_CXX_LIBRARY = "libc++";
				CLANG_ENABLE_MODULES = YES;
				CLANG_ENABLE_OBJC_ARC = YES;
				CLANG_WARN_BLOCK_CAPTURE_AUTORELEASING = YES;
				CLANG_WARN_BOOL_CONVERSION = YES;
				CLANG_WARN_COMMA = YES;
				CLANG_WARN_CONSTANT_CONVERSION = YES;
				CLANG_WARN_DIRECT_OBJC_ISA_USAGE = YES_ERROR;
				CLANG_WARN_DOCUMENTATION_COMMENTS = YES;
				CLANG_WARN_EMPTY_BODY = YES;
				CLANG_WARN_ENUM_CONVERSION = YES;
				CLANG_WARN_INFINITE_RECURSION = YES;
				CLANG_WARN_INT_CONVERSION = YES;
				CLANG_WARN_NON_LITERAL_NULL_CONVERSION = YES;
				CLANG_WARN_OBJC_LITERAL_CONVERSION = YES;
				CLANG_WARN_OBJC_ROOT_CLASS = YES_ERROR;
				CLANG_WARN_RANGE_LOOP_ANALYSIS = YES;
				CLANG_WARN_STRICT_PROTOTYPES = YES;
				CLANG_WARN_SUSPICIOUS_MOVE = YES;
				CLANG_WARN_UNGUARDED_AVAILABILITY = YES_AGGRESSIVE;
				CLANG_WARN_UNREACHABLE_CODE = YES;
				CLANG_WARN__DUPLICATE_METHOD_MATCH = YES;
				CODE_SIGN_IDENTITY = "iPhone Developer";
				COPY_PHASE_STRIP = NO;
				DEBUG_INFORMATION_FORMAT = dwarf;
				ENABLE_STRICT_OBJC_MSGSEND = YES;
				ENABLE_TESTABILITY = YES;
				GCC_C_LANGUAGE_STANDARD = gnu11;
				GCC_DYNAMIC_NO_PIC = NO;
				GCC_NO_COMMON_BLOCKS = YES;
				GCC_OPTIMIZATION_LEVEL = 0;
				GCC_PREPROCESSOR_DEFINITIONS = (
					"DEBUG=1",
					"$(inherited)",
				);
				GCC_WARN_64_TO_32_BIT_CONVERSION = YES;
				GCC_WARN_ABOUT_RETURN_TYPE = YES_ERROR;
				GCC_WARN_UNDECLARED_SELECTOR = YES;
				GCC_WARN_UNINITIALIZED_AUTOS = YES_AGGRESSIVE;
				GCC_WARN_UNUSED_FUNCTION = YES;
				GCC_WARN_UNUSED_VARIABLE = YES;
				IPHONEOS_DEPLOYMENT_TARGET = 11.2;
				MTL_ENABLE_DEBUG_INFO = YES;
				ONLY_ACTIVE_ARCH = YES;
				SDKROOT = iphoneos;
				SWIFT_ACTIVE_COMPILATION_CONDITIONS = DEBUG;
				SWIFT_OPTIMIZATION_LEVEL = "-Onone";
			};
			name = Debug;
		};
		7F5F3761200409CC009A39CA /* Release */ = {
			isa = XCBuildConfiguration;
			buildSettings = {
				ALWAYS_SEARCH_USER_PATHS = NO;
				CLANG_ANALYZER_NONNULL = YES;
				CLANG_ANALYZER_NUMBER_OBJECT_CONVERSION = YES_AGGRESSIVE;
				CLANG_CXX_LANGUAGE_STANDARD = "gnu++14";
				CLANG_CXX_LIBRARY = "libc++";
				CLANG_ENABLE_MODULES = YES;
				CLANG_ENABLE_OBJC_ARC = YES;
				CLANG_WARN_BLOCK_CAPTURE_AUTORELEASING = YES;
				CLANG_WARN_BOOL_CONVERSION = YES;
				CLANG_WARN_COMMA = YES;
				CLANG_WARN_CONSTANT_CONVERSION = YES;
				CLANG_WARN_DIRECT_OBJC_ISA_USAGE = YES_ERROR;
				CLANG_WARN_DOCUMENTATION_COMMENTS = YES;
				CLANG_WARN_EMPTY_BODY = YES;
				CLANG_WARN_ENUM_CONVERSION = YES;
				CLANG_WARN_INFINITE_RECURSION = YES;
				CLANG_WARN_INT_CONVERSION = YES;
				CLANG_WARN_NON_LITERAL_NULL_CONVERSION = YES;
				CLANG_WARN_OBJC_LITERAL_CONVERSION = YES;
				CLANG_WARN_OBJC_ROOT_CLASS = YES_ERROR;
				CLANG_WARN_RANGE_LOOP_ANALYSIS = YES;
				CLANG_WARN_STRICT_PROTOTYPES = YES;
				CLANG_WARN_SUSPICIOUS_MOVE = YES;
				CLANG_WARN_UNGUARDED_AVAILABILITY = YES_AGGRESSIVE;
				CLANG_WARN_UNREACHABLE_CODE = YES;
				CLANG_WARN__DUPLICATE_METHOD_MATCH = YES;
				CODE_SIGN_IDENTITY = "iPhone Developer";
				COPY_PHASE_STRIP = NO;
				DEBUG_INFORMATION_FORMAT = "dwarf-with-dsym";
				ENABLE_NS_ASSERTIONS = NO;
				ENABLE_STRICT_OBJC_MSGSEND = YES;
				GCC_C_LANGUAGE_STANDARD = gnu11;
				GCC_NO_COMMON_BLOCKS = YES;
				GCC_WARN_64_TO_32_BIT_CONVERSION = YES;
				GCC_WARN_ABOUT_RETURN_TYPE = YES_ERROR;
				GCC_WARN_UNDECLARED_SELECTOR = YES;
				GCC_WARN_UNINITIALIZED_AUTOS = YES_AGGRESSIVE;
				GCC_WARN_UNUSED_FUNCTION = YES;
				GCC_WARN_UNUSED_VARIABLE = YES;
				IPHONEOS_DEPLOYMENT_TARGET = 11.2;
				MTL_ENABLE_DEBUG_INFO = NO;
				SDKROOT = iphoneos;
				SWIFT_OPTIMIZATION_LEVEL = "-Owholemodule";
				VALIDATE_PRODUCT = YES;
			};
			name = Release;
		};
		7F5F3763200409CC009A39CA /* Debug */ = {
			isa = XCBuildConfiguration;
			buildSettings = {
				ASSETCATALOG_COMPILER_APPICON_NAME = AppIcon;
				CODE_SIGN_STYLE = Automatic;
				INFOPLIST_FILE = HackwichOne/Info.plist;
				LD_RUNPATH_SEARCH_PATHS = "$(inherited) @executable_path/Frameworks";
				PRODUCT_BUNDLE_IDENTIFIER = UHWO.HackwichOne;
				PRODUCT_NAME = "$(TARGET_NAME)";
				SWIFT_VERSION = 4.0;
				TARGETED_DEVICE_FAMILY = "1,2";
			};
			name = Debug;
		};
		7F5F3764200409CC009A39CA /* Release */ = {
			isa = XCBuildConfiguration;
			buildSettings = {
				ASSETCATALOG_COMPILER_APPICON_NAME = AppIcon;
				CODE_SIGN_STYLE = Automatic;
				INFOPLIST_FILE = HackwichOne/Info.plist;
				LD_RUNPATH_SEARCH_PATHS = "$(inherited) @executable_path/Frameworks";
				PRODUCT_BUNDLE_IDENTIFIER = UHWO.HackwichOne;
				PRODUCT_NAME = "$(TARGET_NAME)";
				SWIFT_VERSION = 4.0;
				TARGETED_DEVICE_FAMILY = "1,2";
			};
			name = Release;
		};
		7F5F3766200409CC009A39CA /* Debug */ = {
			isa = XCBuildConfiguration;
			buildSettings = {
				ALWAYS_EMBED_SWIFT_STANDARD_LIBRARIES = YES;
				BUNDLE_LOADER = "$(TEST_HOST)";
				CODE_SIGN_STYLE = Automatic;
				INFOPLIST_FILE = HackwichOneTests/Info.plist;
				LD_RUNPATH_SEARCH_PATHS = "$(inherited) @executable_path/Frameworks @loader_path/Frameworks";
				PRODUCT_BUNDLE_IDENTIFIER = UHWO.HackwichOneTests;
				PRODUCT_NAME = "$(TARGET_NAME)";
				SWIFT_VERSION = 4.0;
				TARGETED_DEVICE_FAMILY = "1,2";
				TEST_HOST = "$(BUILT_PRODUCTS_DIR)/HackwichOne.app/HackwichOne";
			};
			name = Debug;
		};
		7F5F3767200409CC009A39CA /* Release */ = {
			isa = XCBuildConfiguration;
			buildSettings = {
				ALWAYS_EMBED_SWIFT_STANDARD_LIBRARIES = YES;
				BUNDLE_LOADER = "$(TEST_HOST)";
				CODE_SIGN_STYLE = Automatic;
				INFOPLIST_FILE = HackwichOneTests/Info.plist;
				LD_RUNPATH_SEARCH_PATHS = "$(inherited) @executable_path/Frameworks @loader_path/Frameworks";
				PRODUCT_BUNDLE_IDENTIFIER = UHWO.HackwichOneTests;
				PRODUCT_NAME = "$(TARGET_NAME)";
				SWIFT_VERSION = 4.0;
				TARGETED_DEVICE_FAMILY = "1,2";
				TEST_HOST = "$(BUILT_PRODUCTS_DIR)/HackwichOne.app/HackwichOne";
			};
			name = Release;
		};
		7F5F3769200409CC009A39CA /* Debug */ = {
			isa = XCBuildConfiguration;
			buildSettings = {
				ALWAYS_EMBED_SWIFT_STANDARD_LIBRARIES = YES;
				CODE_SIGN_STYLE = Automatic;
				INFOPLIST_FILE = HackwichOneUITests/Info.plist;
				LD_RUNPATH_SEARCH_PATHS = "$(inherited) @executable_path/Frameworks @loader_path/Frameworks";
				PRODUCT_BUNDLE_IDENTIFIER = UHWO.HackwichOneUITests;
				PRODUCT_NAME = "$(TARGET_NAME)";
				SWIFT_VERSION = 4.0;
				TARGETED_DEVICE_FAMILY = "1,2";
				TEST_TARGET_NAME = HackwichOne;
			};
			name = Debug;
		};
		7F5F376A200409CC009A39CA /* Release */ = {
			isa = XCBuildConfiguration;
			buildSettings = {
				ALWAYS_EMBED_SWIFT_STANDARD_LIBRARIES = YES;
				CODE_SIGN_STYLE = Automatic;
				INFOPLIST_FILE = HackwichOneUITests/Info.plist;
				LD_RUNPATH_SEARCH_PATHS = "$(inherited) @executable_path/Frameworks @loader_path/Frameworks";
				PRODUCT_BUNDLE_IDENTIFIER = UHWO.HackwichOneUITests;
				PRODUCT_NAME = "$(TARGET_NAME)";
				SWIFT_VERSION = 4.0;
				TARGETED_DEVICE_FAMILY = "1,2";
				TEST_TARGET_NAME = HackwichOne;
			};
			name = Release;
		};
/* End XCBuildConfiguration section */

/* Begin XCConfigurationList section */
		7F5F3735200409CB009A39CA /* Build configuration list for PBXProject "HackwichOne" */ = {
			isa = XCConfigurationList;
			buildConfigurations = (
				7F5F3760200409CC009A39CA /* Debug */,
				7F5F3761200409CC009A39CA /* Release */,
			);
			defaultConfigurationIsVisible = 0;
			defaultConfigurationName = Release;
		};
		7F5F3762200409CC009A39CA /* Build configuration list for PBXNativeTarget "HackwichOne" */ = {
			isa = XCConfigurationList;
			buildConfigurations = (
				7F5F3763200409CC009A39CA /* Debug */,
				7F5F3764200409CC009A39CA /* Release */,
			);
			defaultConfigurationIsVisible = 0;
			defaultConfigurationName = Release;
		};
		7F5F3765200409CC009A39CA /* Build configuration list for PBXNativeTarget "HackwichOneTests" */ = {
			isa = XCConfigurationList;
			buildConfigurations = (
				7F5F3766200409CC009A39CA /* Debug */,
				7F5F3767200409CC009A39CA /* Release */,
			);
			defaultConfigurationIsVisible = 0;
			defaultConfigurationName = Release;
		};
		7F5F3768200409CC009A39CA /* Build configuration list for PBXNativeTarget "HackwichOneUITests" */ = {
			isa = XCConfigurationList;
			buildConfigurations = (
				7F5F3769200409CC009A39CA /* Debug */,
				7F5F376A200409CC009A39CA /* Release */,
			);
			defaultConfigurationIsVisible = 0;
			defaultConfigurationName = Release;
		};
/* End XCConfigurationList section */
	};
	rootObject = 7F5F3732200409CB009A39CA /* Project object */;
}
